
Microsoft Visual Studio Solution File, Format Version 12.00
# Visual Studio 15
VisualStudioVersion = 15.0.26730.12
MinimumVisualStudioVersion = 10.0.40219.1
Project("{9A19103F-16F7-4668-BE54-9A1E7A4F7556}") = "Kubeless.WebAPI", "src\Kubeless.WebAPI\Kubeless.WebAPI.csproj", "{762303F3-D5E7-4D2E-8770-3BD99AC557B1}"
EndProject
Project("{9A19103F-16F7-4668-BE54-9A1E7A4F7556}") = "Kubeless.Core", "src\Kubeless.Core\Kubeless.Core.csproj", "{3302AAC1-F26E-4839-904B-1E2A6F515061}"
EndProject
Project("{9A19103F-16F7-4668-BE54-9A1E7A4F7556}") = "Kubeless.Core.Tests", "src\Kubeless.Core.Tests\Kubeless.Core.Tests.csproj", "{CFD979AE-406B-4C1C-BD4F-E9065AA5AF39}"
EndProject
Project("{FAE04EC0-301F-11D3-BF4B-00C04F79EFBC}") = "Kubeless.Functions", "src\Kubeless.Functions\Kubeless.Functions.csproj", "{43FD8D4B-30FD-4F50-A604-085F7CE6303E}"
EndProject
Global
	GlobalSection(SolutionConfigurationPlatforms) = preSolution
		Debug|Any CPU = Debug|Any CPU
		Release|Any CPU = Release|Any CPU
	EndGlobalSection
	GlobalSection(ProjectConfigurationPlatforms) = postSolution
		{762303F3-D5E7-4D2E-8770-3BD99AC557B1}.Debug|Any CPU.ActiveCfg = Debug|Any CPU
		{762303F3-D5E7-4D2E-8770-3BD99AC557B1}.Debug|Any CPU.Build.0 = Debug|Any CPU
		{762303F3-D5E7-4D2E-8770-3BD99AC557B1}.Release|Any CPU.ActiveCfg = Release|Any CPU
		{762303F3-D5E7-4D2E-8770-3BD99AC557B1}.Release|Any CPU.Build.0 = Release|Any CPU
		{3302AAC1-F26E-4839-904B-1E2A6F515061}.Debug|Any CPU.ActiveCfg = Debug|Any CPU
		{3302AAC1-F26E-4839-904B-1E2A6F515061}.Debug|Any CPU.Build.0 = Debug|Any CPU
		{3302AAC1-F26E-4839-904B-1E2A6F515061}.Release|Any CPU.ActiveCfg = Release|Any CPU
		{3302AAC1-F26E-4839-904B-1E2A6F515061}.Release|Any CPU.Build.0 = Release|Any CPU
		{CFD979AE-406B-4C1C-BD4F-E9065AA5AF39}.Debug|Any CPU.ActiveCfg = Debug|Any CPU
		{CFD979AE-406B-4C1C-BD4F-E9065AA5AF39}.Debug|Any CPU.Build.0 = Debug|Any CPU
		{CFD979AE-406B-4C1C-BD4F-E9065AA5AF39}.Release|Any CPU.ActiveCfg = Release|Any CPU
		{CFD979AE-406B-4C1C-BD4F-E9065AA5AF39}.Release|Any CPU.Build.0 = Release|Any CPU
		{43FD8D4B-30FD-4F50-A604-085F7CE6303E}.Debug|Any CPU.ActiveCfg = Debug|Any CPU
		{43FD8D4B-30FD-4F50-A604-085F7CE6303E}.Debug|Any CPU.Build.0 = Debug|Any CPU
		{43FD8D4B-30FD-4F50-A604-085F7CE6303E}.Release|Any CPU.ActiveCfg = Release|Any CPU
		{43FD8D4B-30FD-4F50-A604-085F7CE6303E}.Release|Any CPU.Build.0 = Release|Any CPU
	EndGlobalSection
	GlobalSection(SolutionProperties) = preSolution
		HideSolutionNode = FALSE
	EndGlobalSection
	GlobalSection(ExtensibilityGlobals) = postSolution
		SolutionGuid = {0D5EC2A7-DB31-43AD-91D3-90AF05ACF281}
	EndGlobalSection
EndGlobal
