
Microsoft Visual Studio Solution File, Format Version 12.00
# Visual Studio 15
VisualStudioVersion = 15.0.27703.2000
MinimumVisualStudioVersion = 10.0.40219.1
Project("{FAE04EC0-301F-11D3-BF4B-00C04F79EFBC}") = "Kubeless.CSharpX", "Kubeless.CSharpX\Kubeless.CSharpX.csproj", "{69B0583F-623B-475D-9B36-5BE9235772F7}"
EndProject
Global
	GlobalSection(SolutionConfigurationPlatforms) = preSolution
		Debug|Any CPU = Debug|Any CPU
		Release|Any CPU = Release|Any CPU
	EndGlobalSection
	GlobalSection(ProjectConfigurationPlatforms) = postSolution
		{69B0583F-623B-475D-9B36-5BE9235772F7}.Debug|Any CPU.ActiveCfg = Debug|Any CPU
		{69B0583F-623B-475D-9B36-5BE9235772F7}.Debug|Any CPU.Build.0 = Debug|Any CPU
		{69B0583F-623B-475D-9B36-5BE9235772F7}.Release|Any CPU.ActiveCfg = Release|Any CPU
		{69B0583F-623B-475D-9B36-5BE9235772F7}.Release|Any CPU.Build.0 = Release|Any CPU
	EndGlobalSection
	GlobalSection(SolutionProperties) = preSolution
		HideSolutionNode = FALSE
	EndGlobalSection
	GlobalSection(ExtensibilityGlobals) = postSolution
		SolutionGuid = {58289017-92BF-46C4-B2E4-E10DC398FB80}
	EndGlobalSection
EndGlobal
